
Microsoft Visual Studio Solution File, Format Version 12.00
# Visual Studio Version 17
VisualStudioVersion = 17.4.33213.308
MinimumVisualStudioVersion = 10.0.40219.1
Project("{8BC9CEB8-8B4A-11D0-8D11-00A0C91BC942}") = "UCP3", "UCP3\UCP3.vcxproj", "{49B592A4-52A2-462B-8300-5B715A1E4371}"
EndProject
Global
	GlobalSection(SolutionConfigurationPlatforms) = preSolution
		Debug|x64 = Debug|x64
		Debug|x86 = Debug|x86
		Release|x64 = Release|x64
		Release|x86 = Release|x86
	EndGlobalSection
	GlobalSection(ProjectConfigurationPlatforms) = postSolution
		{49B592A4-52A2-462B-8300-5B715A1E4371}.Debug|x64.ActiveCfg = Debug|x64
		{49B592A4-52A2-462B-8300-5B715A1E4371}.Debug|x64.Build.0 = Debug|x64
		{49B592A4-52A2-462B-8300-5B715A1E4371}.Debug|x86.ActiveCfg = Debug|Win32
		{49B592A4-52A2-462B-8300-5B715A1E4371}.Debug|x86.Build.0 = Debug|Win32
		{49B592A4-52A2-462B-8300-5B715A1E4371}.Release|x64.ActiveCfg = Release|x64
		{49B592A4-52A2-462B-8300-5B715A1E4371}.Release|x64.Build.0 = Release|x64
		{49B592A4-52A2-462B-8300-5B715A1E4371}.Release|x86.ActiveCfg = Release|Win32
		{49B592A4-52A2-462B-8300-5B715A1E4371}.Release|x86.Build.0 = Release|Win32
	EndGlobalSection
	GlobalSection(SolutionProperties) = preSolution
		HideSolutionNode = FALSE
	EndGlobalSection
	GlobalSection(ExtensibilityGlobals) = postSolution
		SolutionGuid = {B999C7DF-065C-4B85-A77D-097D9F8EC2A0}
	EndGlobalSection
EndGlobal
